
Microsoft Visual Studio Solution File, Format Version 12.00
# Visual Studio 15
VisualStudioVersion = 15.0.28307.271
MinimumVisualStudioVersion = 10.0.40219.1
Project("{8BC9CEB8-8B4A-11D0-8D11-00A0C91BC942}") = "07_RenderToTexture", "07_RenderToTexture.vcxproj", "{FDFAFA2A-F5E9-4069-9111-EFBDFA7864AB}"
EndProject
Global
	GlobalSection(SolutionConfigurationPlatforms) = preSolution
		Debug|x64 = Debug|x64
		Release|x64 = Release|x64
	EndGlobalSection
	GlobalSection(ProjectConfigurationPlatforms) = postSolution
		{FDFAFA2A-F5E9-4069-9111-EFBDFA7864AB}.Debug|x64.ActiveCfg = Debug|x64
		{FDFAFA2A-F5E9-4069-9111-EFBDFA7864AB}.Debug|x64.Build.0 = Debug|x64
		{FDFAFA2A-F5E9-4069-9111-EFBDFA7864AB}.Release|x64.ActiveCfg = Release|x64
		{FDFAFA2A-F5E9-4069-9111-EFBDFA7864AB}.Release|x64.Build.0 = Release|x64
	EndGlobalSection
	GlobalSection(SolutionProperties) = preSolution
		HideSolutionNode = FALSE
	EndGlobalSection
	GlobalSection(ExtensibilityGlobals) = postSolution
		SolutionGuid = {74DF8C47-134B-43FF-AFBC-3CCC472F29CC}
	EndGlobalSection
EndGlobal
